
Microsoft Visual Studio Solution File, Format Version 12.00
# Visual Studio 15
VisualStudioVersion = 15.0.28307.271
MinimumVisualStudioVersion = 10.0.40219.1
Project("{9A19103F-16F7-4668-BE54-9A1E7A4F7556}") = "RomanNumerals", "RomanNumerals\RomanNumerals.csproj", "{86CBBCCC-2BE8-46B2-9F9B-BF4F4C70E104}"
EndProject
Project("{FAE04EC0-301F-11D3-BF4B-00C04F79EFBC}") = "UnitTests", "UnitTests\UnitTests.csproj", "{D1A674F2-B8A0-46B5-8048-661FBBB030F3}"
EndProject
Global
	GlobalSection(SolutionConfigurationPlatforms) = preSolution
		Debug|Any CPU = Debug|Any CPU
		Release|Any CPU = Release|Any CPU
	EndGlobalSection
	GlobalSection(ProjectConfigurationPlatforms) = postSolution
		{86CBBCCC-2BE8-46B2-9F9B-BF4F4C70E104}.Debug|Any CPU.ActiveCfg = Debug|Any CPU
		{86CBBCCC-2BE8-46B2-9F9B-BF4F4C70E104}.Debug|Any CPU.Build.0 = Debug|Any CPU
		{86CBBCCC-2BE8-46B2-9F9B-BF4F4C70E104}.Release|Any CPU.ActiveCfg = Release|Any CPU
		{86CBBCCC-2BE8-46B2-9F9B-BF4F4C70E104}.Release|Any CPU.Build.0 = Release|Any CPU
		{D1A674F2-B8A0-46B5-8048-661FBBB030F3}.Debug|Any CPU.ActiveCfg = Debug|Any CPU
		{D1A674F2-B8A0-46B5-8048-661FBBB030F3}.Debug|Any CPU.Build.0 = Debug|Any CPU
		{D1A674F2-B8A0-46B5-8048-661FBBB030F3}.Release|Any CPU.ActiveCfg = Release|Any CPU
		{D1A674F2-B8A0-46B5-8048-661FBBB030F3}.Release|Any CPU.Build.0 = Release|Any CPU
	EndGlobalSection
	GlobalSection(SolutionProperties) = preSolution
		HideSolutionNode = FALSE
	EndGlobalSection
	GlobalSection(ExtensibilityGlobals) = postSolution
		SolutionGuid = {9575C9D5-6638-44FE-8537-F6285A91CE5E}
	EndGlobalSection
EndGlobal
